
Microsoft Visual Studio Solution File, Format Version 12.00
# Visual Studio Version 17
VisualStudioVersion = 17.12.35514.174
MinimumVisualStudioVersion = 10.0.40219.1
Project("{FAE04EC0-301F-11D3-BF4B-00C04F79EFBC}") = "Data", "Data\Data.csproj", "{FAAE65E8-B353-4D89-A4D1-B80EBE8A7C1A}"
EndProject
Project("{FAE04EC0-301F-11D3-BF4B-00C04F79EFBC}") = "Business", "Business\Business.csproj", "{B0A39AD0-0095-404D-AE7B-365B1FA3C658}"
EndProject
Project("{FAE04EC0-301F-11D3-BF4B-00C04F79EFBC}") = "Presentation.ConsoleApp", "Presentation.ConsoleApp\Presentation.ConsoleApp.csproj", "{0874824B-BC60-432C-985F-5FE0584771FE}"
EndProject
Project("{FAE04EC0-301F-11D3-BF4B-00C04F79EFBC}") = "WebApi", "WebApi\WebApi.csproj", "{3710E8D4-20C6-46C1-AE14-4EC3009C5FE3}"
EndProject
Project("{54A90642-561A-4BB1-A94E-469ADEE60C69}") = "reactdatastorage.assignment", "ReactDataStorage.Assignment\reactdatastorage.assignment.esproj", "{AFF1B0A5-4582-4393-9D3D-153DEA77A843}"
EndProject
Global
	GlobalSection(SolutionConfigurationPlatforms) = preSolution
		Debug|Any CPU = Debug|Any CPU
		Release|Any CPU = Release|Any CPU
	EndGlobalSection
	GlobalSection(ProjectConfigurationPlatforms) = postSolution
		{FAAE65E8-B353-4D89-A4D1-B80EBE8A7C1A}.Debug|Any CPU.ActiveCfg = Debug|Any CPU
		{FAAE65E8-B353-4D89-A4D1-B80EBE8A7C1A}.Debug|Any CPU.Build.0 = Debug|Any CPU
		{FAAE65E8-B353-4D89-A4D1-B80EBE8A7C1A}.Release|Any CPU.ActiveCfg = Release|Any CPU
		{FAAE65E8-B353-4D89-A4D1-B80EBE8A7C1A}.Release|Any CPU.Build.0 = Release|Any CPU
		{B0A39AD0-0095-404D-AE7B-365B1FA3C658}.Debug|Any CPU.ActiveCfg = Debug|Any CPU
		{B0A39AD0-0095-404D-AE7B-365B1FA3C658}.Debug|Any CPU.Build.0 = Debug|Any CPU
		{B0A39AD0-0095-404D-AE7B-365B1FA3C658}.Release|Any CPU.ActiveCfg = Release|Any CPU
		{B0A39AD0-0095-404D-AE7B-365B1FA3C658}.Release|Any CPU.Build.0 = Release|Any CPU
		{0874824B-BC60-432C-985F-5FE0584771FE}.Debug|Any CPU.ActiveCfg = Debug|Any CPU
		{0874824B-BC60-432C-985F-5FE0584771FE}.Debug|Any CPU.Build.0 = Debug|Any CPU
		{0874824B-BC60-432C-985F-5FE0584771FE}.Release|Any CPU.ActiveCfg = Release|Any CPU
		{0874824B-BC60-432C-985F-5FE0584771FE}.Release|Any CPU.Build.0 = Release|Any CPU
		{3710E8D4-20C6-46C1-AE14-4EC3009C5FE3}.Debug|Any CPU.ActiveCfg = Debug|Any CPU
		{3710E8D4-20C6-46C1-AE14-4EC3009C5FE3}.Debug|Any CPU.Build.0 = Debug|Any CPU
		{3710E8D4-20C6-46C1-AE14-4EC3009C5FE3}.Release|Any CPU.ActiveCfg = Release|Any CPU
		{3710E8D4-20C6-46C1-AE14-4EC3009C5FE3}.Release|Any CPU.Build.0 = Release|Any CPU
		{AFF1B0A5-4582-4393-9D3D-153DEA77A843}.Debug|Any CPU.ActiveCfg = Debug|Any CPU
		{AFF1B0A5-4582-4393-9D3D-153DEA77A843}.Debug|Any CPU.Build.0 = Debug|Any CPU
		{AFF1B0A5-4582-4393-9D3D-153DEA77A843}.Debug|Any CPU.Deploy.0 = Debug|Any CPU
		{AFF1B0A5-4582-4393-9D3D-153DEA77A843}.Release|Any CPU.ActiveCfg = Release|Any CPU
		{AFF1B0A5-4582-4393-9D3D-153DEA77A843}.Release|Any CPU.Build.0 = Release|Any CPU
		{AFF1B0A5-4582-4393-9D3D-153DEA77A843}.Release|Any CPU.Deploy.0 = Release|Any CPU
	EndGlobalSection
	GlobalSection(SolutionProperties) = preSolution
		HideSolutionNode = FALSE
	EndGlobalSection
EndGlobal
